
Microsoft Visual Studio Solution File, Format Version 12.00
# Visual Studio Version 16
VisualStudioVersion = 16.0.30621.155
MinimumVisualStudioVersion = 10.0.40219.1
Project("{9A19103F-16F7-4668-BE54-9A1E7A4F7556}") = "GT bank Question 1", "GT bank Question 1.csproj", "{933EF8A6-C540-4DB1-A03A-A60835C2E316}"
EndProject
Global
	GlobalSection(SolutionConfigurationPlatforms) = preSolution
		Debug|Any CPU = Debug|Any CPU
		Release|Any CPU = Release|Any CPU
	EndGlobalSection
	GlobalSection(ProjectConfigurationPlatforms) = postSolution
		{933EF8A6-C540-4DB1-A03A-A60835C2E316}.Debug|Any CPU.ActiveCfg = Debug|Any CPU
		{933EF8A6-C540-4DB1-A03A-A60835C2E316}.Debug|Any CPU.Build.0 = Debug|Any CPU
		{933EF8A6-C540-4DB1-A03A-A60835C2E316}.Release|Any CPU.ActiveCfg = Release|Any CPU
		{933EF8A6-C540-4DB1-A03A-A60835C2E316}.Release|Any CPU.Build.0 = Release|Any CPU
	EndGlobalSection
	GlobalSection(SolutionProperties) = preSolution
		HideSolutionNode = FALSE
	EndGlobalSection
	GlobalSection(ExtensibilityGlobals) = postSolution
		SolutionGuid = {25DCBD4A-E852-410D-924C-09A0EB1FE6EF}
	EndGlobalSection
EndGlobal
